
Microsoft Visual Studio Solution File, Format Version 12.00
# Visual Studio Version 17
VisualStudioVersion = 17.0.31919.166
MinimumVisualStudioVersion = 10.0.40219.1
Project("{9A19103F-16F7-4668-BE54-9A1E7A4F7556}") = "MegaHerdt.API", "MegaHerdt\MegaHerdt.API.csproj", "{699C76F6-7926-4AC5-8F4C-8493F7634249}"
EndProject
Project("{9A19103F-16F7-4668-BE54-9A1E7A4F7556}") = "MegaHerdt.Models", "MegaHerdt.Models\MegaHerdt.Models.csproj", "{C0B7DBC2-5AC4-4A66-BBEA-80E616B49C4E}"
EndProject
Project("{9A19103F-16F7-4668-BE54-9A1E7A4F7556}") = "MegaHerdt.DbConfiguration", "MegaHerdt.DbConfiguration\MegaHerdt.DbConfiguration.csproj", "{736489E2-8CB3-483B-A0F4-B0A94C4B7BD9}"
EndProject
Project("{9A19103F-16F7-4668-BE54-9A1E7A4F7556}") = "MegaHerdt.Services", "MegaHerdt.Services\MegaHerdt.Services.csproj", "{4CD00957-D6AA-49A0-B7E6-E240B0C1B2A1}"
EndProject
Project("{9A19103F-16F7-4668-BE54-9A1E7A4F7556}") = "MegaHerdt.Repository", "MegaHerdt.Repository\MegaHerdt.Repository.csproj", "{847A8550-0550-466C-AEB0-9302B22852E5}"
EndProject
Project("{FAE04EC0-301F-11D3-BF4B-00C04F79EFBC}") = "MegaHerdt.Helpers", "MegaHerdt.Helpers\MegaHerdt.Helpers.csproj", "{70F2C074-0CFE-4D97-8A1F-657E153B3578}"
EndProject
Global
	GlobalSection(SolutionConfigurationPlatforms) = preSolution
		Debug|Any CPU = Debug|Any CPU
		Release|Any CPU = Release|Any CPU
	EndGlobalSection
	GlobalSection(ProjectConfigurationPlatforms) = postSolution
		{699C76F6-7926-4AC5-8F4C-8493F7634249}.Debug|Any CPU.ActiveCfg = Debug|Any CPU
		{699C76F6-7926-4AC5-8F4C-8493F7634249}.Debug|Any CPU.Build.0 = Debug|Any CPU
		{699C76F6-7926-4AC5-8F4C-8493F7634249}.Release|Any CPU.ActiveCfg = Release|Any CPU
		{699C76F6-7926-4AC5-8F4C-8493F7634249}.Release|Any CPU.Build.0 = Release|Any CPU
		{C0B7DBC2-5AC4-4A66-BBEA-80E616B49C4E}.Debug|Any CPU.ActiveCfg = Debug|Any CPU
		{C0B7DBC2-5AC4-4A66-BBEA-80E616B49C4E}.Debug|Any CPU.Build.0 = Debug|Any CPU
		{C0B7DBC2-5AC4-4A66-BBEA-80E616B49C4E}.Release|Any CPU.ActiveCfg = Release|Any CPU
		{C0B7DBC2-5AC4-4A66-BBEA-80E616B49C4E}.Release|Any CPU.Build.0 = Release|Any CPU
		{736489E2-8CB3-483B-A0F4-B0A94C4B7BD9}.Debug|Any CPU.ActiveCfg = Debug|Any CPU
		{736489E2-8CB3-483B-A0F4-B0A94C4B7BD9}.Debug|Any CPU.Build.0 = Debug|Any CPU
		{736489E2-8CB3-483B-A0F4-B0A94C4B7BD9}.Release|Any CPU.ActiveCfg = Release|Any CPU
		{736489E2-8CB3-483B-A0F4-B0A94C4B7BD9}.Release|Any CPU.Build.0 = Release|Any CPU
		{4CD00957-D6AA-49A0-B7E6-E240B0C1B2A1}.Debug|Any CPU.ActiveCfg = Debug|Any CPU
		{4CD00957-D6AA-49A0-B7E6-E240B0C1B2A1}.Debug|Any CPU.Build.0 = Debug|Any CPU
		{4CD00957-D6AA-49A0-B7E6-E240B0C1B2A1}.Release|Any CPU.ActiveCfg = Release|Any CPU
		{4CD00957-D6AA-49A0-B7E6-E240B0C1B2A1}.Release|Any CPU.Build.0 = Release|Any CPU
		{847A8550-0550-466C-AEB0-9302B22852E5}.Debug|Any CPU.ActiveCfg = Debug|Any CPU
		{847A8550-0550-466C-AEB0-9302B22852E5}.Debug|Any CPU.Build.0 = Debug|Any CPU
		{847A8550-0550-466C-AEB0-9302B22852E5}.Release|Any CPU.ActiveCfg = Release|Any CPU
		{847A8550-0550-466C-AEB0-9302B22852E5}.Release|Any CPU.Build.0 = Release|Any CPU
		{70F2C074-0CFE-4D97-8A1F-657E153B3578}.Debug|Any CPU.ActiveCfg = Debug|Any CPU
		{70F2C074-0CFE-4D97-8A1F-657E153B3578}.Debug|Any CPU.Build.0 = Debug|Any CPU
		{70F2C074-0CFE-4D97-8A1F-657E153B3578}.Release|Any CPU.ActiveCfg = Release|Any CPU
		{70F2C074-0CFE-4D97-8A1F-657E153B3578}.Release|Any CPU.Build.0 = Release|Any CPU
	EndGlobalSection
	GlobalSection(SolutionProperties) = preSolution
		HideSolutionNode = FALSE
	EndGlobalSection
	GlobalSection(ExtensibilityGlobals) = postSolution
		SolutionGuid = {50385B6F-A4B1-4F17-87E6-261B7FFCA2F6}
	EndGlobalSection
EndGlobal
